lockfileVersion: '9.0'

settings:
  autoInstallPeers: true
  excludeLinksFromLockfile: false

importers:

  .:
    dependencies:
      jsmpeg:
        specifier: ^1.0.0
        version: 1.0.0

packages:

  jsmpeg@1.0.0:
    resolution: {integrity: sha512-wlBKWVJ93NRJaCfrJ1KAgpMvZBLzpZxH3wnC1Yj7DudMDa/5hHeL1HfvW48ndR8GlI4irrqCXuOGhgayP9EbHw==}

snapshots:

  jsmpeg@1.0.0: {}
